
Microsoft Visual Studio Solution File, Format Version 12.00
# Visual Studio 2013
VisualStudioVersion = 12.0.31101.0
MinimumVisualStudioVersion = 10.0.40219.1
Project("{E24C65DC-7377-472B-9ABA-BC803B73C61A}") = "KnockoutDemo", "http://localhost:8427", "{643D7DB9-E7F2-43A9-B038-8C072EFEA5BB}"
	ProjectSection(WebsiteProperties) = preProject
		UseIISExpress = "true"
		TargetFrameworkMoniker = ".NETFramework,Version%3Dv4.0"
		Debug.AspNetCompiler.VirtualPath = "/localhost_8427"
		Debug.AspNetCompiler.PhysicalPath = "..\KnockoutDemo\"
		Debug.AspNetCompiler.TargetPath = "PrecompiledWeb\localhost_8427\"
		Debug.AspNetCompiler.Updateable = "true"
		Debug.AspNetCompiler.ForceOverwrite = "true"
		Debug.AspNetCompiler.FixedNames = "false"
		Debug.AspNetCompiler.Debug = "True"
		Release.AspNetCompiler.VirtualPath = "/localhost_8427"
		Release.AspNetCompiler.PhysicalPath = "..\KnockoutDemo\"
		Release.AspNetCompiler.TargetPath = "PrecompiledWeb\localhost_8427\"
		Release.AspNetCompiler.Updateable = "true"
		Release.AspNetCompiler.ForceOverwrite = "true"
		Release.AspNetCompiler.FixedNames = "false"
		Release.AspNetCompiler.Debug = "False"
		SlnRelativePath = "..\KnockoutDemo\"
	EndProjectSection
EndProject
Global
	GlobalSection(SolutionConfigurationPlatforms) = preSolution
		Debug|Any CPU = Debug|Any CPU
	EndGlobalSection
	GlobalSection(ProjectConfigurationPlatforms) = postSolution
		{643D7DB9-E7F2-43A9-B038-8C072EFEA5BB}.Debug|Any CPU.ActiveCfg = Debug|Any CPU
		{643D7DB9-E7F2-43A9-B038-8C072EFEA5BB}.Debug|Any CPU.Build.0 = Debug|Any CPU
	EndGlobalSection
	GlobalSection(SolutionProperties) = preSolution
		HideSolutionNode = FALSE
	EndGlobalSection
EndGlobal
